
Microsoft Visual Studio Solution File, Format Version 12.00
# Visual Studio Version 17
VisualStudioVersion = 17.0.31903.59
MinimumVisualStudioVersion = 10.0.40219.1
Project("{FAE04EC0-301F-11D3-BF4B-00C04F79EFBC}") = "KristofferStrube.Blazor.FormulaEditor", "src\KristofferStrube.Blazor.FormulaEditor\KristofferStrube.Blazor.FormulaEditor.csproj", "{4C0D45D3-B0AC-1413-A5F5-1B44FDCA176A}"
EndProject
Project("{FAE04EC0-301F-11D3-BF4B-00C04F79EFBC}") = "KristofferStrube.Blazor.FormulaEditor.WasmExample", "samples\KristofferStrube.Blazor.FormulaEditor.WasmExample\KristofferStrube.Blazor.FormulaEditor.WasmExample.csproj", "{407D524C-E346-5965-92BA-19E1124B2491}"
EndProject
Global
	GlobalSection(SolutionConfigurationPlatforms) = preSolution
		Debug|Any CPU = Debug|Any CPU
		Release|Any CPU = Release|Any CPU
	EndGlobalSection
	GlobalSection(ProjectConfigurationPlatforms) = postSolution
		{4C0D45D3-B0AC-1413-A5F5-1B44FDCA176A}.Debug|Any CPU.ActiveCfg = Debug|Any CPU
		{4C0D45D3-B0AC-1413-A5F5-1B44FDCA176A}.Debug|Any CPU.Build.0 = Debug|Any CPU
		{4C0D45D3-B0AC-1413-A5F5-1B44FDCA176A}.Release|Any CPU.ActiveCfg = Release|Any CPU
		{4C0D45D3-B0AC-1413-A5F5-1B44FDCA176A}.Release|Any CPU.Build.0 = Release|Any CPU
		{407D524C-E346-5965-92BA-19E1124B2491}.Debug|Any CPU.ActiveCfg = Debug|Any CPU
		{407D524C-E346-5965-92BA-19E1124B2491}.Debug|Any CPU.Build.0 = Debug|Any CPU
		{407D524C-E346-5965-92BA-19E1124B2491}.Release|Any CPU.ActiveCfg = Release|Any CPU
		{407D524C-E346-5965-92BA-19E1124B2491}.Release|Any CPU.Build.0 = Release|Any CPU
	EndGlobalSection
	GlobalSection(SolutionProperties) = preSolution
		HideSolutionNode = FALSE
	EndGlobalSection
	GlobalSection(ExtensibilityGlobals) = postSolution
		SolutionGuid = {90C53065-90AE-4FC5-8EE3-BC12AEE3FBA3}
	EndGlobalSection
EndGlobal
